
Microsoft Visual Studio Solution File, Format Version 12.00
# Visual Studio Version 17
VisualStudioVersion = 17.3.32901.215
MinimumVisualStudioVersion = 10.0.40219.1
Project("{2150E333-8FDC-42A3-9474-1A3956D46DE8}") = "Service", "Service", "{5D95A27E-9D0E-45AB-97B8-7DFA7C10F5F0}"
EndProject
Project("{9A19103F-16F7-4668-BE54-9A1E7A4F7556}") = "ECOLAB.IOT.Service", "ECOLAB.IOT.Service\ECOLAB.IOT.Service.csproj", "{7734F440-A364-44DE-866D-2A8B1A95AFF3}"
EndProject
Project("{2150E333-8FDC-42A3-9474-1A3956D46DE8}") = "Provider", "Provider", "{D2B69625-2EF7-4295-9FEF-AFD3F40CAFC2}"
EndProject
Project("{2150E333-8FDC-42A3-9474-1A3956D46DE8}") = "Entity", "Entity", "{414A051F-5A04-4F98-B36D-70CE7EA52DA4}"
EndProject
Project("{9A19103F-16F7-4668-BE54-9A1E7A4F7556}") = "ECOLAB.IOT.Entity", "ECOLAB.IOT.Entity\ECOLAB.IOT.Entity.csproj", "{518D5187-890D-4469-A91D-CE8452F28663}"
EndProject
Project("{2150E333-8FDC-42A3-9474-1A3956D46DE8}") = "Common", "Common", "{E25AA0D4-F3B3-44C9-8B01-03BB5F76D4F3}"
EndProject
Project("{9A19103F-16F7-4668-BE54-9A1E7A4F7556}") = "ECOLAB.IOT.Common", "ECOLAB.IOT.Common\ECOLAB.IOT.Common.csproj", "{D0EDABCE-0622-4350-BECE-632A2D6E9537}"
EndProject
Project("{2150E333-8FDC-42A3-9474-1A3956D46DE8}") = "WinFormApp", "WinFormApp", "{7085756D-B3C1-472C-8995-0990AD47529E}"
EndProject
Project("{9A19103F-16F7-4668-BE54-9A1E7A4F7556}") = "ECOLAB.IOT.WinFormApp", "ECOLAB.IOT.WinFormApp\ECOLAB.IOT.WinFormApp.csproj", "{EBE1C53F-91AE-4A88-9763-F07580480F4F}"
EndProject
Project("{FAE04EC0-301F-11D3-BF4B-00C04F79EFBC}") = "ECOLAB.IOT.Provider", "ECOLAB.IOT.Provider\ECOLAB.IOT.Provider.csproj", "{A324C507-F580-464A-9CB8-BBB70F39AB00}"
EndProject
Global
	GlobalSection(SolutionConfigurationPlatforms) = preSolution
		Debug|Any CPU = Debug|Any CPU
		Release|Any CPU = Release|Any CPU
	EndGlobalSection
	GlobalSection(ProjectConfigurationPlatforms) = postSolution
		{7734F440-A364-44DE-866D-2A8B1A95AFF3}.Debug|Any CPU.ActiveCfg = Debug|Any CPU
		{7734F440-A364-44DE-866D-2A8B1A95AFF3}.Debug|Any CPU.Build.0 = Debug|Any CPU
		{7734F440-A364-44DE-866D-2A8B1A95AFF3}.Release|Any CPU.ActiveCfg = Release|Any CPU
		{7734F440-A364-44DE-866D-2A8B1A95AFF3}.Release|Any CPU.Build.0 = Release|Any CPU
		{518D5187-890D-4469-A91D-CE8452F28663}.Debug|Any CPU.ActiveCfg = Debug|Any CPU
		{518D5187-890D-4469-A91D-CE8452F28663}.Debug|Any CPU.Build.0 = Debug|Any CPU
		{518D5187-890D-4469-A91D-CE8452F28663}.Release|Any CPU.ActiveCfg = Release|Any CPU
		{518D5187-890D-4469-A91D-CE8452F28663}.Release|Any CPU.Build.0 = Release|Any CPU
		{D0EDABCE-0622-4350-BECE-632A2D6E9537}.Debug|Any CPU.ActiveCfg = Debug|Any CPU
		{D0EDABCE-0622-4350-BECE-632A2D6E9537}.Debug|Any CPU.Build.0 = Debug|Any CPU
		{D0EDABCE-0622-4350-BECE-632A2D6E9537}.Release|Any CPU.ActiveCfg = Release|Any CPU
		{D0EDABCE-0622-4350-BECE-632A2D6E9537}.Release|Any CPU.Build.0 = Release|Any CPU
		{EBE1C53F-91AE-4A88-9763-F07580480F4F}.Debug|Any CPU.ActiveCfg = Debug|Any CPU
		{EBE1C53F-91AE-4A88-9763-F07580480F4F}.Debug|Any CPU.Build.0 = Debug|Any CPU
		{EBE1C53F-91AE-4A88-9763-F07580480F4F}.Release|Any CPU.ActiveCfg = Release|Any CPU
		{EBE1C53F-91AE-4A88-9763-F07580480F4F}.Release|Any CPU.Build.0 = Release|Any CPU
		{A324C507-F580-464A-9CB8-BBB70F39AB00}.Debug|Any CPU.ActiveCfg = Debug|Any CPU
		{A324C507-F580-464A-9CB8-BBB70F39AB00}.Debug|Any CPU.Build.0 = Debug|Any CPU
		{A324C507-F580-464A-9CB8-BBB70F39AB00}.Release|Any CPU.ActiveCfg = Release|Any CPU
		{A324C507-F580-464A-9CB8-BBB70F39AB00}.Release|Any CPU.Build.0 = Release|Any CPU
	EndGlobalSection
	GlobalSection(SolutionProperties) = preSolution
		HideSolutionNode = FALSE
	EndGlobalSection
	GlobalSection(NestedProjects) = preSolution
		{7734F440-A364-44DE-866D-2A8B1A95AFF3} = {5D95A27E-9D0E-45AB-97B8-7DFA7C10F5F0}
		{518D5187-890D-4469-A91D-CE8452F28663} = {414A051F-5A04-4F98-B36D-70CE7EA52DA4}
		{D0EDABCE-0622-4350-BECE-632A2D6E9537} = {E25AA0D4-F3B3-44C9-8B01-03BB5F76D4F3}
		{EBE1C53F-91AE-4A88-9763-F07580480F4F} = {7085756D-B3C1-472C-8995-0990AD47529E}
		{A324C507-F580-464A-9CB8-BBB70F39AB00} = {D2B69625-2EF7-4295-9FEF-AFD3F40CAFC2}
	EndGlobalSection
	GlobalSection(ExtensibilityGlobals) = postSolution
		SolutionGuid = {996A3356-273D-4005-A274-D56CFCC6A340}
	EndGlobalSection
EndGlobal
